
Microsoft Visual Studio Solution File, Format Version 12.00
Project("{FAE04EC0-301F-11D3-BF4B-00C04F79EFBC}") = "Keywords.Frontend", "Keywords.Frontend\Keywords.Frontend.csproj", "{FB84346D-6ECC-4D73-B008-512CD181E834}"
EndProject
Project("{FAE04EC0-301F-11D3-BF4B-00C04F79EFBC}") = "Keywords.Services", "Keywords.Services\Keywords.Services.csproj", "{8A1A0368-E8A1-4C04-AF3D-9238B85B8F2D}"
EndProject
Project("{2150E333-8FDC-42A3-9474-1A3956D46DE8}") = "Connectors", "Connectors", "{B7070056-C339-43DA-98A2-BE8BD6D99D77}"
EndProject
Project("{2150E333-8FDC-42A3-9474-1A3956D46DE8}") = "Docker", "Docker", "{F0AD1CBF-8D29-413D-AB4F-409308CADA3E}"
	ProjectSection(SolutionItems) = preProject
		Dockerfile = Dockerfile
	EndProjectSection
EndProject
Project("{2150E333-8FDC-42A3-9474-1A3956D46DE8}") = "GIT", "GIT", "{91AC604F-B615-4B5D-9FE9-2E2683B488DC}"
	ProjectSection(SolutionItems) = preProject
		README.md = README.md
		.gitignore = .gitignore
	EndProjectSection
EndProject
Project("{FAE04EC0-301F-11D3-BF4B-00C04F79EFBC}") = "Keywords.API", "Keywords.API\Keywords.API.csproj", "{C5595CE4-0CF5-44FE-A927-BED9FA7613B1}"
EndProject
Project("{FAE04EC0-301F-11D3-BF4B-00C04F79EFBC}") = "SwapVideos.API", "SwapVideos.API\SwapVideos.API.csproj", "{6C0763D1-C59D-4A2F-B28E-099735AD0B22}"
EndProject
Global
	GlobalSection(SolutionConfigurationPlatforms) = preSolution
		Debug|Any CPU = Debug|Any CPU
		Release|Any CPU = Release|Any CPU
	EndGlobalSection
	GlobalSection(ProjectConfigurationPlatforms) = postSolution
		{FB84346D-6ECC-4D73-B008-512CD181E834}.Debug|Any CPU.ActiveCfg = Debug|Any CPU
		{FB84346D-6ECC-4D73-B008-512CD181E834}.Debug|Any CPU.Build.0 = Debug|Any CPU
		{FB84346D-6ECC-4D73-B008-512CD181E834}.Release|Any CPU.ActiveCfg = Release|Any CPU
		{FB84346D-6ECC-4D73-B008-512CD181E834}.Release|Any CPU.Build.0 = Release|Any CPU
		{8A1A0368-E8A1-4C04-AF3D-9238B85B8F2D}.Debug|Any CPU.ActiveCfg = Debug|Any CPU
		{8A1A0368-E8A1-4C04-AF3D-9238B85B8F2D}.Debug|Any CPU.Build.0 = Debug|Any CPU
		{8A1A0368-E8A1-4C04-AF3D-9238B85B8F2D}.Release|Any CPU.ActiveCfg = Release|Any CPU
		{8A1A0368-E8A1-4C04-AF3D-9238B85B8F2D}.Release|Any CPU.Build.0 = Release|Any CPU
		{C5595CE4-0CF5-44FE-A927-BED9FA7613B1}.Debug|Any CPU.ActiveCfg = Debug|Any CPU
		{C5595CE4-0CF5-44FE-A927-BED9FA7613B1}.Debug|Any CPU.Build.0 = Debug|Any CPU
		{C5595CE4-0CF5-44FE-A927-BED9FA7613B1}.Release|Any CPU.ActiveCfg = Release|Any CPU
		{C5595CE4-0CF5-44FE-A927-BED9FA7613B1}.Release|Any CPU.Build.0 = Release|Any CPU
		{6C0763D1-C59D-4A2F-B28E-099735AD0B22}.Debug|Any CPU.ActiveCfg = Debug|Any CPU
		{6C0763D1-C59D-4A2F-B28E-099735AD0B22}.Debug|Any CPU.Build.0 = Debug|Any CPU
		{6C0763D1-C59D-4A2F-B28E-099735AD0B22}.Release|Any CPU.ActiveCfg = Release|Any CPU
		{6C0763D1-C59D-4A2F-B28E-099735AD0B22}.Release|Any CPU.Build.0 = Release|Any CPU
	EndGlobalSection
	GlobalSection(NestedProjects) = preSolution
		{C5595CE4-0CF5-44FE-A927-BED9FA7613B1} = {B7070056-C339-43DA-98A2-BE8BD6D99D77}
		{6C0763D1-C59D-4A2F-B28E-099735AD0B22} = {B7070056-C339-43DA-98A2-BE8BD6D99D77}
	EndGlobalSection
EndGlobal
